
Microsoft Visual Studio Solution File, Format Version 12.00
# Visual Studio 15
VisualStudioVersion = 15.0.26124.0
MinimumVisualStudioVersion = 15.0.26124.0
Project("{2150E333-8FDC-42A3-9474-1A3956D46DE8}") = "src", "src", "{100A7DD8-CCAA-4F3D-B8A5-E5A921EF03EC}"
EndProject
Project("{FAE04EC0-301F-11D3-BF4B-00C04F79EFBC}") = "Kata", "src\Kata\Kata.csproj", "{B87C8CD1-1C61-4246-9FD2-FBBC5A6C549B}"
EndProject
Project("{FAE04EC0-301F-11D3-BF4B-00C04F79EFBC}") = "Kata.Tests", "src\Kata.Tests\Kata.Tests.csproj", "{0368195C-418B-4443-9076-73F1066B4AB6}"
EndProject
Global
	GlobalSection(SolutionConfigurationPlatforms) = preSolution
		Debug|Any CPU = Debug|Any CPU
		Debug|x64 = Debug|x64
		Debug|x86 = Debug|x86
		Release|Any CPU = Release|Any CPU
		Release|x64 = Release|x64
		Release|x86 = Release|x86
	EndGlobalSection
	GlobalSection(SolutionProperties) = preSolution
		HideSolutionNode = FALSE
	EndGlobalSection
	GlobalSection(ProjectConfigurationPlatforms) = postSolution
		{B87C8CD1-1C61-4246-9FD2-FBBC5A6C549B}.Debug|Any CPU.ActiveCfg = Debug|Any CPU
		{B87C8CD1-1C61-4246-9FD2-FBBC5A6C549B}.Debug|Any CPU.Build.0 = Debug|Any CPU
		{B87C8CD1-1C61-4246-9FD2-FBBC5A6C549B}.Debug|x64.ActiveCfg = Debug|Any CPU
		{B87C8CD1-1C61-4246-9FD2-FBBC5A6C549B}.Debug|x64.Build.0 = Debug|Any CPU
		{B87C8CD1-1C61-4246-9FD2-FBBC5A6C549B}.Debug|x86.ActiveCfg = Debug|Any CPU
		{B87C8CD1-1C61-4246-9FD2-FBBC5A6C549B}.Debug|x86.Build.0 = Debug|Any CPU
		{B87C8CD1-1C61-4246-9FD2-FBBC5A6C549B}.Release|Any CPU.ActiveCfg = Release|Any CPU
		{B87C8CD1-1C61-4246-9FD2-FBBC5A6C549B}.Release|Any CPU.Build.0 = Release|Any CPU
		{B87C8CD1-1C61-4246-9FD2-FBBC5A6C549B}.Release|x64.ActiveCfg = Release|Any CPU
		{B87C8CD1-1C61-4246-9FD2-FBBC5A6C549B}.Release|x64.Build.0 = Release|Any CPU
		{B87C8CD1-1C61-4246-9FD2-FBBC5A6C549B}.Release|x86.ActiveCfg = Release|Any CPU
		{B87C8CD1-1C61-4246-9FD2-FBBC5A6C549B}.Release|x86.Build.0 = Release|Any CPU
		{0368195C-418B-4443-9076-73F1066B4AB6}.Debug|Any CPU.ActiveCfg = Debug|Any CPU
		{0368195C-418B-4443-9076-73F1066B4AB6}.Debug|Any CPU.Build.0 = Debug|Any CPU
		{0368195C-418B-4443-9076-73F1066B4AB6}.Debug|x64.ActiveCfg = Debug|Any CPU
		{0368195C-418B-4443-9076-73F1066B4AB6}.Debug|x64.Build.0 = Debug|Any CPU
		{0368195C-418B-4443-9076-73F1066B4AB6}.Debug|x86.ActiveCfg = Debug|Any CPU
		{0368195C-418B-4443-9076-73F1066B4AB6}.Debug|x86.Build.0 = Debug|Any CPU
		{0368195C-418B-4443-9076-73F1066B4AB6}.Release|Any CPU.ActiveCfg = Release|Any CPU
		{0368195C-418B-4443-9076-73F1066B4AB6}.Release|Any CPU.Build.0 = Release|Any CPU
		{0368195C-418B-4443-9076-73F1066B4AB6}.Release|x64.ActiveCfg = Release|Any CPU
		{0368195C-418B-4443-9076-73F1066B4AB6}.Release|x64.Build.0 = Release|Any CPU
		{0368195C-418B-4443-9076-73F1066B4AB6}.Release|x86.ActiveCfg = Release|Any CPU
		{0368195C-418B-4443-9076-73F1066B4AB6}.Release|x86.Build.0 = Release|Any CPU
	EndGlobalSection
	GlobalSection(NestedProjects) = preSolution
		{B87C8CD1-1C61-4246-9FD2-FBBC5A6C549B} = {100A7DD8-CCAA-4F3D-B8A5-E5A921EF03EC}
		{0368195C-418B-4443-9076-73F1066B4AB6} = {100A7DD8-CCAA-4F3D-B8A5-E5A921EF03EC}
	EndGlobalSection
EndGlobal
